<?xml version="1.0" encoding="utf-8"?>
<Project ToolsVersion="4.0" xmlns="http://schemas.microsoft.com/developer/msbuild/2003">
  <ItemGroup>
    <Filter Include="Source Files">
      <UniqueIdentifier>{4FC737F1-C7A5-4376-A066-2A32D752A2FF}</UniqueIdentifier>
      <Extensions>cpp;c;cc;cxx;c++;cppm;ixx;def;odl;idl;hpj;bat;asm;asmx</Extensions>
    </Filter>
    <Filter Include="Header Files">
      <UniqueIdentifier>{93995380-89BD-4b04-88EB-625FBE52EBFB}</UniqueIdentifier>
      <Extensions>h;hh;hpp;hxx;h++;hm;inl;inc;ipp;xsd</Extensions>
    </Filter>
    <Filter Include="Resource Files">
      <UniqueIdentifier>{67DA6AB6-F800-4c08-8B7A-83BB121AAD01}</UniqueIdentifier>
      <Extensions>rc;ico;cur;bmp;dlg;rc2;rct;bin;rgs;gif;jpg;jpeg;jpe;resx;tiff;tif;png;wav;mfcribbon-ms</Extensions>
    </Filter>
  </ItemGroup>
  <ItemGroup>
    <ClCompile Include="main.cpp">
      <Filter>Source Files</Filter>
    </ClCompile>
    <ClCompile Include="skin_relax.cpp">
      <Filter>Source Files</Filter>
    </ClCompile>
    <ClCompile Include="skin_sharper.cpp">
      <Filter>Source Files</Filter>
    </ClCompile>
    <ClCompile Include="skin_add.cpp">
      <Filter>Source Files</Filter>
    </ClCompile>
    <ClCompile Include="skin_scale.cpp">
      <Filter>Source Files</Filter>
    </ClCompile>
    <ClCompile Include="skin_set.cpp">
      <Filter>Source Files</Filter>
    </ClCompile>
    <ClCompile Include="skin_export.cpp">
      <Filter>Source Files</Filter>
    </ClCompile>
    <ClCompile Include="skin_import.cpp">
      <Filter>Source Files</Filter>
    </ClCompile>
    <ClCompile Include="skin_copy.cpp">
      <Filter>Source Files</Filter>
    </ClCompile>
    <ClCompile Include="skin_combine.cpp">
      <Filter>Source Files</Filter>
    </ClCompile>
    <ClCompile Include="skin_brushRelax.cpp">
      <Filter>Source Files</Filter>
    </ClCompile>
    <ClCompile Include="skin_brushAdd.cpp">
      <Filter>Source Files</Filter>
    </ClCompile>
    <ClCompile Include="skin_brushScale.cpp">
      <Filter>Source Files</Filter>
    </ClCompile>
    <ClCompile Include="skin_brushSet.cpp">
      <Filter>Source Files</Filter>
    </ClCompile>
    <ClCompile Include="skin_brushSharper.cpp">
      <Filter>Source Files</Filter>
    </ClCompile>
  </ItemGroup>
  <ItemGroup>
    <ClInclude Include="skin_relax.h">
      <Filter>Header Files</Filter>
    </ClInclude>
    <ClInclude Include="skin_sharper.h">
      <Filter>Header Files</Filter>
    </ClInclude>
    <ClInclude Include="common_skin.h">
      <Filter>Header Files</Filter>
    </ClInclude>
    <ClInclude Include="skin_add.h">
      <Filter>Header Files</Filter>
    </ClInclude>
    <ClInclude Include="skin_scale.h">
      <Filter>Header Files</Filter>
    </ClInclude>
    <ClInclude Include="skin_set.h">
      <Filter>Header Files</Filter>
    </ClInclude>
    <ClInclude Include="skin_export.h">
      <Filter>Header Files</Filter>
    </ClInclude>
    <ClInclude Include="skin_import.h">
      <Filter>Header Files</Filter>
    </ClInclude>
    <ClInclude Include="skin_copy.h">
      <Filter>Header Files</Filter>
    </ClInclude>
    <ClInclude Include="skin_combine.h">
      <Filter>Header Files</Filter>
    </ClInclude>
    <ClInclude Include="skin_brushRelax.h">
      <Filter>Header Files</Filter>
    </ClInclude>
    <ClInclude Include="skin_brushSharper.h">
      <Filter>Header Files</Filter>
    </ClInclude>
    <ClInclude Include="skin_brushSet.h">
      <Filter>Header Files</Filter>
    </ClInclude>
    <ClInclude Include="skin_brushAdd.h">
      <Filter>Header Files</Filter>
    </ClInclude>
    <ClInclude Include="skin_brushScale.h">
      <Filter>Header Files</Filter>
    </ClInclude>
  </ItemGroup>
  <ItemGroup>
    <None Include="unload_mayaPlugin.py">
      <Filter>Resource Files</Filter>
    </None>
    <None Include="load_mayaPlugin.py">
      <Filter>Resource Files</Filter>
    </None>
  </ItemGroup>
</Project>